
Microsoft Visual Studio Solution File, Format Version 12.00
# Visual Studio Version 17
VisualStudioVersion = 17.2.32616.157
MinimumVisualStudioVersion = 10.0.40219.1
Project("{9A19103F-16F7-4668-BE54-9A1E7A4F7556}") = "BlazorApp5", "BlazorApp5\BlazorApp5.csproj", "{8E495800-9BFC-406F-BDB3-E6C1A389B17C}"
EndProject
Global
	GlobalSection(SolutionConfigurationPlatforms) = preSolution
		Debug|Any CPU = Debug|Any CPU
		Release|Any CPU = Release|Any CPU
	EndGlobalSection
	GlobalSection(ProjectConfigurationPlatforms) = postSolution
		{8E495800-9BFC-406F-BDB3-E6C1A389B17C}.Debug|Any CPU.ActiveCfg = Debug|Any CPU
		{8E495800-9BFC-406F-BDB3-E6C1A389B17C}.Debug|Any CPU.Build.0 = Debug|Any CPU
		{8E495800-9BFC-406F-BDB3-E6C1A389B17C}.Release|Any CPU.ActiveCfg = Release|Any CPU
		{8E495800-9BFC-406F-BDB3-E6C1A389B17C}.Release|Any CPU.Build.0 = Release|Any CPU
	EndGlobalSection
	GlobalSection(SolutionProperties) = preSolution
		HideSolutionNode = FALSE
	EndGlobalSection
	GlobalSection(ExtensibilityGlobals) = postSolution
		SolutionGuid = {AB5A58EE-A710-45B8-A62A-7CF406C18E34}
	EndGlobalSection
EndGlobal
